
Microsoft Visual Studio Solution File, Format Version 12.00
# Visual Studio Version 17
VisualStudioVersion = 17.2.32505.173
MinimumVisualStudioVersion = 10.0.40219.1
Project("{FAE04EC0-301F-11D3-BF4B-00C04F79EFBC}") = "WebApiWithAdo", "WebApiWithAdo\WebApiWithAdo.csproj", "{F3277A53-08EA-47D8-8EB8-C42F31AB1BBD}"
EndProject
Project("{FAE04EC0-301F-11D3-BF4B-00C04F79EFBC}") = "DataAccess", "DataAccess\DataAccess.csproj", "{6298E752-FE41-4109-A2DC-95A6DA8DB5B9}"
EndProject
Project("{FAE04EC0-301F-11D3-BF4B-00C04F79EFBC}") = "EnAndDecrypt", "EnAndDecrypt\EnAndDecrypt.csproj", "{2A49AAA9-41B7-44EC-9FD1-76A7AE9942B4}"
EndProject
Global
	GlobalSection(SolutionConfigurationPlatforms) = preSolution
		Debug|Any CPU = Debug|Any CPU
		Release|Any CPU = Release|Any CPU
	EndGlobalSection
	GlobalSection(ProjectConfigurationPlatforms) = postSolution
		{F3277A53-08EA-47D8-8EB8-C42F31AB1BBD}.Debug|Any CPU.ActiveCfg = Debug|Any CPU
		{F3277A53-08EA-47D8-8EB8-C42F31AB1BBD}.Debug|Any CPU.Build.0 = Debug|Any CPU
		{F3277A53-08EA-47D8-8EB8-C42F31AB1BBD}.Release|Any CPU.ActiveCfg = Release|Any CPU
		{F3277A53-08EA-47D8-8EB8-C42F31AB1BBD}.Release|Any CPU.Build.0 = Release|Any CPU
		{6298E752-FE41-4109-A2DC-95A6DA8DB5B9}.Debug|Any CPU.ActiveCfg = Debug|Any CPU
		{6298E752-FE41-4109-A2DC-95A6DA8DB5B9}.Debug|Any CPU.Build.0 = Debug|Any CPU
		{6298E752-FE41-4109-A2DC-95A6DA8DB5B9}.Release|Any CPU.ActiveCfg = Release|Any CPU
		{6298E752-FE41-4109-A2DC-95A6DA8DB5B9}.Release|Any CPU.Build.0 = Release|Any CPU
		{2A49AAA9-41B7-44EC-9FD1-76A7AE9942B4}.Debug|Any CPU.ActiveCfg = Debug|Any CPU
		{2A49AAA9-41B7-44EC-9FD1-76A7AE9942B4}.Debug|Any CPU.Build.0 = Debug|Any CPU
		{2A49AAA9-41B7-44EC-9FD1-76A7AE9942B4}.Release|Any CPU.ActiveCfg = Release|Any CPU
		{2A49AAA9-41B7-44EC-9FD1-76A7AE9942B4}.Release|Any CPU.Build.0 = Release|Any CPU
	EndGlobalSection
	GlobalSection(SolutionProperties) = preSolution
		HideSolutionNode = FALSE
	EndGlobalSection
	GlobalSection(ExtensibilityGlobals) = postSolution
		SolutionGuid = {F8C29F66-79E0-4AFA-8DEA-3D500775493A}
	EndGlobalSection
EndGlobal
